
Microsoft Visual Studio Solution File, Format Version 12.00
# Visual Studio Version 17
VisualStudioVersion = 17.0.31903.59
MinimumVisualStudioVersion = 10.0.40219.1
Project("{2150E333-8FDC-42A3-9474-1A3956D46DE8}") = "C#", "C#", "{1DBD47E2-544B-F58A-27AE-70AE938492FA}"
EndProject
Project("{2150E333-8FDC-42A3-9474-1A3956D46DE8}") = "2812. Find the Safest Path in a Grid", "2812. Find the Safest Path in a Grid", "{1A298511-0B12-DEF1-91D1-C068AB160824}"
EndProject
Project("{FAE04EC0-301F-11D3-BF4B-00C04F79EFBC}") = "P2812.FindTheSafestPathInAGrid", "C#\2812. Find the Safest Path in a Grid\P2812.FindTheSafestPathInAGrid.csproj", "{25D294BB-564D-4749-BDA1-E9BBF98200BB}"
EndProject
Project("{2150E333-8FDC-42A3-9474-1A3956D46DE8}") = "3286. Find a Safe Walk Through a Grid", "3286. Find a Safe Walk Through a Grid", "{E870646A-28B8-4F9A-B078-BEA7B9588EE3}"
EndProject
Project("{FAE04EC0-301F-11D3-BF4B-00C04F79EFBC}") = "P3286.FindASafeWalkThroughAGrid", "C#\3286. Find a Safe Walk Through a Grid\P3286.FindASafeWalkThroughAGrid.csproj", "{8C8C1AC9-307C-4849-A45D-4F31F4803237}"
EndProject
Project("{2150E333-8FDC-42A3-9474-1A3956D46DE8}") = "874. Walking Robot Simulation", "874. Walking Robot Simulation", "{3E0C43C5-E723-29B4-95F1-16A248E79100}"
EndProject
Project("{FAE04EC0-301F-11D3-BF4B-00C04F79EFBC}") = "P874.WalkingRobotSimulation", "C#\874. Walking Robot Simulation\P874.WalkingRobotSimulation.csproj", "{E8A5A9BA-4867-486D-9433-484497E2E1E8}"
EndProject
Project("{2150E333-8FDC-42A3-9474-1A3956D46DE8}") = "Largest Rectangle in Histogram", "Largest Rectangle in Histogram", "{B001AAFE-72F9-964E-2EFC-11D9E3A3DEC7}"
EndProject
Project("{FAE04EC0-301F-11D3-BF4B-00C04F79EFBC}") = "LargestRectangleInHistogram", "C#\Largest Rectangle in Histogram\LargestRectangleInHistogram.csproj", "{EE81C068-E740-4B29-B8EE-D4ABE35A5DEF}"
EndProject
Project("{2150E333-8FDC-42A3-9474-1A3956D46DE8}") = "Number of Students Unable to Eat Lunch", "Number of Students Unable to Eat Lunch", "{A4C57474-0CFF-0D4F-60D2-728E761EFB19}"
EndProject
Project("{FAE04EC0-301F-11D3-BF4B-00C04F79EFBC}") = "NumberOfStudentsUnableToEatLunch", "C#\Number of Students Unable to Eat Lunch\NumberOfStudentsUnableToEatLunch.csproj", "{C5BA9BAC-2204-4EDF-81D6-A931A68A52FC}"
EndProject
Global
	GlobalSection(SolutionConfigurationPlatforms) = preSolution
		Debug|Any CPU = Debug|Any CPU
		Debug|x64 = Debug|x64
		Debug|x86 = Debug|x86
		Release|Any CPU = Release|Any CPU
		Release|x64 = Release|x64
		Release|x86 = Release|x86
	EndGlobalSection
	GlobalSection(ProjectConfigurationPlatforms) = postSolution
		{25D294BB-564D-4749-BDA1-E9BBF98200BB}.Debug|Any CPU.ActiveCfg = Debug|Any CPU
		{25D294BB-564D-4749-BDA1-E9BBF98200BB}.Debug|Any CPU.Build.0 = Debug|Any CPU
		{25D294BB-564D-4749-BDA1-E9BBF98200BB}.Debug|x64.ActiveCfg = Debug|Any CPU
		{25D294BB-564D-4749-BDA1-E9BBF98200BB}.Debug|x64.Build.0 = Debug|Any CPU
		{25D294BB-564D-4749-BDA1-E9BBF98200BB}.Debug|x86.ActiveCfg = Debug|Any CPU
		{25D294BB-564D-4749-BDA1-E9BBF98200BB}.Debug|x86.Build.0 = Debug|Any CPU
		{25D294BB-564D-4749-BDA1-E9BBF98200BB}.Release|Any CPU.ActiveCfg = Release|Any CPU
		{25D294BB-564D-4749-BDA1-E9BBF98200BB}.Release|Any CPU.Build.0 = Release|Any CPU
		{25D294BB-564D-4749-BDA1-E9BBF98200BB}.Release|x64.ActiveCfg = Release|Any CPU
		{25D294BB-564D-4749-BDA1-E9BBF98200BB}.Release|x64.Build.0 = Release|Any CPU
		{25D294BB-564D-4749-BDA1-E9BBF98200BB}.Release|x86.ActiveCfg = Release|Any CPU
		{25D294BB-564D-4749-BDA1-E9BBF98200BB}.Release|x86.Build.0 = Release|Any CPU
		{8C8C1AC9-307C-4849-A45D-4F31F4803237}.Debug|Any CPU.ActiveCfg = Debug|Any CPU
		{8C8C1AC9-307C-4849-A45D-4F31F4803237}.Debug|Any CPU.Build.0 = Debug|Any CPU
		{8C8C1AC9-307C-4849-A45D-4F31F4803237}.Debug|x64.ActiveCfg = Debug|Any CPU
		{8C8C1AC9-307C-4849-A45D-4F31F4803237}.Debug|x64.Build.0 = Debug|Any CPU
		{8C8C1AC9-307C-4849-A45D-4F31F4803237}.Debug|x86.ActiveCfg = Debug|Any CPU
		{8C8C1AC9-307C-4849-A45D-4F31F4803237}.Debug|x86.Build.0 = Debug|Any CPU
		{8C8C1AC9-307C-4849-A45D-4F31F4803237}.Release|Any CPU.ActiveCfg = Release|Any CPU
		{8C8C1AC9-307C-4849-A45D-4F31F4803237}.Release|Any CPU.Build.0 = Release|Any CPU
		{8C8C1AC9-307C-4849-A45D-4F31F4803237}.Release|x64.ActiveCfg = Release|Any CPU
		{8C8C1AC9-307C-4849-A45D-4F31F4803237}.Release|x64.Build.0 = Release|Any CPU
		{8C8C1AC9-307C-4849-A45D-4F31F4803237}.Release|x86.ActiveCfg = Release|Any CPU
		{8C8C1AC9-307C-4849-A45D-4F31F4803237}.Release|x86.Build.0 = Release|Any CPU
		{E8A5A9BA-4867-486D-9433-484497E2E1E8}.Debug|Any CPU.ActiveCfg = Debug|Any CPU
		{E8A5A9BA-4867-486D-9433-484497E2E1E8}.Debug|Any CPU.Build.0 = Debug|Any CPU
		{E8A5A9BA-4867-486D-9433-484497E2E1E8}.Debug|x64.ActiveCfg = Debug|Any CPU
		{E8A5A9BA-4867-486D-9433-484497E2E1E8}.Debug|x64.Build.0 = Debug|Any CPU
		{E8A5A9BA-4867-486D-9433-484497E2E1E8}.Debug|x86.ActiveCfg = Debug|Any CPU
		{E8A5A9BA-4867-486D-9433-484497E2E1E8}.Debug|x86.Build.0 = Debug|Any CPU
		{E8A5A9BA-4867-486D-9433-484497E2E1E8}.Release|Any CPU.ActiveCfg = Release|Any CPU
		{E8A5A9BA-4867-486D-9433-484497E2E1E8}.Release|Any CPU.Build.0 = Release|Any CPU
		{E8A5A9BA-4867-486D-9433-484497E2E1E8}.Release|x64.ActiveCfg = Release|Any CPU
		{E8A5A9BA-4867-486D-9433-484497E2E1E8}.Release|x64.Build.0 = Release|Any CPU
		{E8A5A9BA-4867-486D-9433-484497E2E1E8}.Release|x86.ActiveCfg = Release|Any CPU
		{E8A5A9BA-4867-486D-9433-484497E2E1E8}.Release|x86.Build.0 = Release|Any CPU
		{EE81C068-E740-4B29-B8EE-D4ABE35A5DEF}.Debug|Any CPU.ActiveCfg = Debug|Any CPU
		{EE81C068-E740-4B29-B8EE-D4ABE35A5DEF}.Debug|Any CPU.Build.0 = Debug|Any CPU
		{EE81C068-E740-4B29-B8EE-D4ABE35A5DEF}.Debug|x64.ActiveCfg = Debug|Any CPU
		{EE81C068-E740-4B29-B8EE-D4ABE35A5DEF}.Debug|x64.Build.0 = Debug|Any CPU
		{EE81C068-E740-4B29-B8EE-D4ABE35A5DEF}.Debug|x86.ActiveCfg = Debug|Any CPU
		{EE81C068-E740-4B29-B8EE-D4ABE35A5DEF}.Debug|x86.Build.0 = Debug|Any CPU
		{EE81C068-E740-4B29-B8EE-D4ABE35A5DEF}.Release|Any CPU.ActiveCfg = Release|Any CPU
		{EE81C068-E740-4B29-B8EE-D4ABE35A5DEF}.Release|Any CPU.Build.0 = Release|Any CPU
		{EE81C068-E740-4B29-B8EE-D4ABE35A5DEF}.Release|x64.ActiveCfg = Release|Any CPU
		{EE81C068-E740-4B29-B8EE-D4ABE35A5DEF}.Release|x64.Build.0 = Release|Any CPU
		{EE81C068-E740-4B29-B8EE-D4ABE35A5DEF}.Release|x86.ActiveCfg = Release|Any CPU
		{EE81C068-E740-4B29-B8EE-D4ABE35A5DEF}.Release|x86.Build.0 = Release|Any CPU
		{C5BA9BAC-2204-4EDF-81D6-A931A68A52FC}.Debug|Any CPU.ActiveCfg = Debug|Any CPU
		{C5BA9BAC-2204-4EDF-81D6-A931A68A52FC}.Debug|Any CPU.Build.0 = Debug|Any CPU
		{C5BA9BAC-2204-4EDF-81D6-A931A68A52FC}.Debug|x64.ActiveCfg = Debug|Any CPU
		{C5BA9BAC-2204-4EDF-81D6-A931A68A52FC}.Debug|x64.Build.0 = Debug|Any CPU
		{C5BA9BAC-2204-4EDF-81D6-A931A68A52FC}.Debug|x86.ActiveCfg = Debug|Any CPU
		{C5BA9BAC-2204-4EDF-81D6-A931A68A52FC}.Debug|x86.Build.0 = Debug|Any CPU
		{C5BA9BAC-2204-4EDF-81D6-A931A68A52FC}.Release|Any CPU.ActiveCfg = Release|Any CPU
		{C5BA9BAC-2204-4EDF-81D6-A931A68A52FC}.Release|Any CPU.Build.0 = Release|Any CPU
		{C5BA9BAC-2204-4EDF-81D6-A931A68A52FC}.Release|x64.ActiveCfg = Release|Any CPU
		{C5BA9BAC-2204-4EDF-81D6-A931A68A52FC}.Release|x64.Build.0 = Release|Any CPU
		{C5BA9BAC-2204-4EDF-81D6-A931A68A52FC}.Release|x86.ActiveCfg = Release|Any CPU
		{C5BA9BAC-2204-4EDF-81D6-A931A68A52FC}.Release|x86.Build.0 = Release|Any CPU
	EndGlobalSection
	GlobalSection(SolutionProperties) = preSolution
		HideSolutionNode = FALSE
	EndGlobalSection
	GlobalSection(NestedProjects) = preSolution
		{1A298511-0B12-DEF1-91D1-C068AB160824} = {1DBD47E2-544B-F58A-27AE-70AE938492FA}
		{25D294BB-564D-4749-BDA1-E9BBF98200BB} = {1A298511-0B12-DEF1-91D1-C068AB160824}
		{E870646A-28B8-4F9A-B078-BEA7B9588EE3} = {1DBD47E2-544B-F58A-27AE-70AE938492FA}
		{8C8C1AC9-307C-4849-A45D-4F31F4803237} = {E870646A-28B8-4F9A-B078-BEA7B9588EE3}
		{3E0C43C5-E723-29B4-95F1-16A248E79100} = {1DBD47E2-544B-F58A-27AE-70AE938492FA}
		{E8A5A9BA-4867-486D-9433-484497E2E1E8} = {3E0C43C5-E723-29B4-95F1-16A248E79100}
		{B001AAFE-72F9-964E-2EFC-11D9E3A3DEC7} = {1DBD47E2-544B-F58A-27AE-70AE938492FA}
		{EE81C068-E740-4B29-B8EE-D4ABE35A5DEF} = {B001AAFE-72F9-964E-2EFC-11D9E3A3DEC7}
		{A4C57474-0CFF-0D4F-60D2-728E761EFB19} = {1DBD47E2-544B-F58A-27AE-70AE938492FA}
		{C5BA9BAC-2204-4EDF-81D6-A931A68A52FC} = {A4C57474-0CFF-0D4F-60D2-728E761EFB19}
	EndGlobalSection
EndGlobal
